# DO NOT EDIT MANUALLY - Managed by Fern Replay
version: "1.0"
generations:
  - commit_sha: 9177e174aa36dbb66e67887ec39ec02a3882cf4f
    tree_hash: 395530f53d147c8f721b1bb30a9c68f31b9e6d6e
    timestamp: 2026-09-02T23:39:19.004Z
    cli_version: unknown
    generator_versions: {}
current_generation: 9177e174aa36dbb66e67887ec39ec02a3882cf4f
patches: []
